
Microsoft Visual Studio Solution File, Format Version 12.00
# Visual Studio 15
VisualStudioVersion = 15.0.27428.2037
MinimumVisualStudioVersion = 10.0.40219.1
Project("{FAE04EC0-301F-11D3-BF4B-00C04F79EFBC}") = "WebCuaHangSach", "WebCuaHangSach\WebCuaHangSach.csproj", "{EC77F11F-169B-4AF5-B014-8C668624F7B4}"
EndProject
Project("{FAE04EC0-301F-11D3-BF4B-00C04F79EFBC}") = "Common", "Common\Common.csproj", "{AB448B0B-3080-4B6A-B674-FCEDBD58DD93}"
EndProject
Global
	GlobalSection(SolutionConfigurationPlatforms) = preSolution
		Debug|Any CPU = Debug|Any CPU
		Release|Any CPU = Release|Any CPU
	EndGlobalSection
	GlobalSection(ProjectConfigurationPlatforms) = postSolution
		{EC77F11F-169B-4AF5-B014-8C668624F7B4}.Debug|Any CPU.ActiveCfg = Debug|Any CPU
		{EC77F11F-169B-4AF5-B014-8C668624F7B4}.Debug|Any CPU.Build.0 = Debug|Any CPU
		{EC77F11F-169B-4AF5-B014-8C668624F7B4}.Release|Any CPU.ActiveCfg = Release|Any CPU
		{EC77F11F-169B-4AF5-B014-8C668624F7B4}.Release|Any CPU.Build.0 = Release|Any CPU
		{AB448B0B-3080-4B6A-B674-FCEDBD58DD93}.Debug|Any CPU.ActiveCfg = Debug|Any CPU
		{AB448B0B-3080-4B6A-B674-FCEDBD58DD93}.Debug|Any CPU.Build.0 = Debug|Any CPU
		{AB448B0B-3080-4B6A-B674-FCEDBD58DD93}.Release|Any CPU.ActiveCfg = Release|Any CPU
		{AB448B0B-3080-4B6A-B674-FCEDBD58DD93}.Release|Any CPU.Build.0 = Release|Any CPU
	EndGlobalSection
	GlobalSection(SolutionProperties) = preSolution
		HideSolutionNode = FALSE
	EndGlobalSection
	GlobalSection(ExtensibilityGlobals) = postSolution
		SolutionGuid = {EDB613B8-D7B1-4351-A3F3-C4B30CBF437E}
	EndGlobalSection
EndGlobal
